// !$*UTF8*$!
{
	archiveVersion = 1;
	classes = {
	};
	objectVersion = 50;
	objects = {

/* Begin PBXBuildFile section */
		060BB4FB20A7613E0083E173 /* AppDelegate.swift in Sources */ = {isa = PBXBuildFile; fileRef = 060BB4FA20A7613E0083E173 /* AppDelegate.swift */; };
		060BB4FD20A7613E0083E173 /* MapViewController.swift in Sources */ = {isa = PBXBuildFile; fileRef = 060BB4FC20A7613E0083E173 /* MapViewController.swift */; };
		060BB50020A7613E0083E173 /* Main.storyboard in Resources */ = {isa = PBXBuildFile; fileRef = 060BB4FE20A7613E0083E173 /* Main.storyboard */; };
		060BB50520A761400083E173 /* LaunchScreen.storyboard in Resources */ = {isa = PBXBuildFile; fileRef = 060BB50320A761400083E173 /* LaunchScreen.storyboard */; };
		060BB51020A761400083E173 /* enRouteTests.swift in Sources */ = {isa = PBXBuildFile; fileRef = 060BB50F20A761400083E173 /* enRouteTests.swift */; };
		060BB51B20A761400083E173 /* enRouteUITests.swift in Sources */ = {isa = PBXBuildFile; fileRef = 060BB51A20A761400083E173 /* enRouteUITests.swift */; };
		060BB52F20A799200083E173 /* Images.xcassets in Resources */ = {isa = PBXBuildFile; fileRef = 060BB52E20A799200083E173 /* Images.xcassets */; };
		060BB53120A7C06C0083E173 /* MapRouteTasks.swift in Sources */ = {isa = PBXBuildFile; fileRef = 060BB53020A7C06C0083E173 /* MapRouteTasks.swift */; };
/* End PBXBuildFile section */

/* Begin PBXContainerItemProxy section */
		060BB50C20A761400083E173 /* PBXContainerItemProxy */ = {
			isa = PBXContainerItemProxy;
			containerPortal = 060BB4EF20A7613E0083E173 /* Project object */;
			proxyType = 1;
			remoteGlobalIDString = 060BB4F620A7613E0083E173;
			remoteInfo = enRoute;
		};
		060BB51720A761400083E173 /* PBXContainerItemProxy */ = {
			isa = PBXContainerItemProxy;
			containerPortal = 060BB4EF20A7613E0083E173 /* Project object */;
			proxyType = 1;
			remoteGlobalIDString = 060BB4F620A7613E0083E173;
			remoteInfo = enRoute;
		};
/* End PBXContainerItemProxy section */

/* Begin PBXFileReference section */
		02B1F0CCC4FA23EAB2DB7E97 /* Pods-enRouteTests.release.xcconfig */ = {isa = PBXFileReference; includeInIndex = 1; lastKnownFileType = text.xcconfig; name = "Pods-enRouteTests.release.xcconfig"; path = "Pods/Target Support Files/Pods-enRouteTests/Pods-enRouteTests.release.xcconfig"; sourceTree = "<group>"; };
		060BB4F720A7613E0083E173 /* enRoute.app */ = {isa = PBXFileReference; explicitFileType = wrapper.application; includeInIndex = 0; path = enRoute.app; sourceTree = BUILT_PRODUCTS_DIR; };
		060BB4FA20A7613E0083E173 /* AppDelegate.swift */ = {isa = PBXFileReference; lastKnownFileType = sourcecode.swift; path = AppDelegate.swift; sourceTree = "<group>"; };
		060BB4FC20A7613E0083E173 /* MapViewController.swift */ = {isa = PBXFileReference; lastKnownFileType = sourcecode.swift; path = MapViewController.swift; sourceTree = "<group>"; };
		060BB4FF20A7613E0083E173 /* Base */ = {isa = PBXFileReference; lastKnownFileType = file.storyboard; name = Base; path = Base.lproj/Main.storyboard; sourceTree = "<group>"; };
		060BB50420A761400083E173 /* Base */ = {isa = PBXFileReference; lastKnownFileType = file.storyboard; name = Base; path = Base.lproj/LaunchScreen.storyboard; sourceTree = "<group>"; };
		060BB50620A761400083E173 /* Info.plist */ = {isa = PBXFileReference; lastKnownFileType = text.plist.xml; path = Info.plist; sourceTree = "<group>"; };
		060BB50B20A761400083E173 /* enRouteTests.xctest */ = {isa = PBXFileReference; explicitFileType = wrapper.cfbundle; includeInIndex = 0; path = enRouteTests.xctest; sourceTree = BUILT_PRODUCTS_DIR; };
		060BB50F20A761400083E173 /* enRouteTests.swift */ = {isa = PBXFileReference; lastKnownFileType = sourcecode.swift; path = enRouteTests.swift; sourceTree = "<group>"; };
		060BB51120A761400083E173 /* Info.plist */ = {isa = PBXFileReference; lastKnownFileType = text.plist.xml; path = Info.plist; sourceTree = "<group>"; };
		060BB51620A761400083E173 /* enRouteUITests.xctest */ = {isa = PBXFileReference; explicitFileType = wrapper.cfbundle; includeInIndex = 0; path = enRouteUITests.xctest; sourceTree = BUILT_PRODUCTS_DIR; };
		060BB51A20A761400083E173 /* enRouteUITests.swift */ = {isa = PBXFileReference; lastKnownFileType = sourcecode.swift; path = enRouteUITests.swift; sourceTree = "<group>"; };
		060BB51C20A761400083E173 /* Info.plist */ = {isa = PBXFileReference; lastKnownFileType = text.plist.xml; path = Info.plist; sourceTree = "<group>"; };
		060BB52E20A799200083E173 /* Images.xcassets */ = {isa = PBXFileReference; lastKnownFileType = folder.assetcatalog; path = Images.xcassets; sourceTree = "<group>"; };
		060BB53020A7C06C0083E173 /* MapRouteTasks.swift */ = {isa = PBXFileReference; lastKnownFileType = sourcecode.swift; path = MapRouteTasks.swift; sourceTree = "<group>"; };
		4BDAA0B4161AB45D3247734A /* Pods-enRouteUITests.debug.xcconfig */ = {isa = PBXFileReference; includeInIndex = 1; lastKnownFileType = text.xcconfig; name = "Pods-enRouteUITests.debug.xcconfig"; path = "Pods/Target Support Files/Pods-enRouteUITests/Pods-enRouteUITests.debug.xcconfig"; sourceTree = "<group>"; };
		56D13E8DF6326B22A0B9C0B8 /* Pods-enRouteTests.debug.xcconfig */ = {isa = PBXFileReference; includeInIndex = 1; lastKnownFileType = text.xcconfig; name = "Pods-enRouteTests.debug.xcconfig"; path = "Pods/Target Support Files/Pods-enRouteTests/Pods-enRouteTests.debug.xcconfig"; sourceTree = "<group>"; };
		7F4B654A69FBA06C4D99FBBB /* Pods-enRouteUITests.release.xcconfig */ = {isa = PBXFileReference; includeInIndex = 1; lastKnownFileType = text.xcconfig; name = "Pods-enRouteUITests.release.xcconfig"; path = "Pods/Target Support Files/Pods-enRouteUITests/Pods-enRouteUITests.release.xcconfig"; sourceTree = "<group>"; };
		93E03D0680B21F8EC8F7CF85 /* Pods-enRoute.release.xcconfig */ = {isa = PBXFileReference; includeInIndex = 1; lastKnownFileType = text.xcconfig; name = "Pods-enRoute.release.xcconfig"; path = "Pods/Target Support Files/Pods-enRoute/Pods-enRoute.release.xcconfig"; sourceTree = "<group>"; };
		CB72DDB242716DE670E5C43D /* Pods-enRoute.debug.xcconfig */ = {isa = PBXFileReference; includeInIndex = 1; lastKnownFileType = text.xcconfig; name = "Pods-enRoute.debug.xcconfig"; path = "Pods/Target Support Files/Pods-enRoute/Pods-enRoute.debug.xcconfig"; sourceTree = "<group>"; };
/* End PBXFileReference section */

/* Begin PBXFrameworksBuildPhase section */
		060BB4F420A7613E0083E173 /* Frameworks */ = {
			isa = PBXFrameworksBuildPhase;
			buildActionMask = 2147483647;
			files = (
			);
			runOnlyForDeploymentPostprocessing = 0;
		};
		060BB50820A761400083E173 /* Frameworks */ = {
			isa = PBXFrameworksBuildPhase;
			buildActionMask = 2147483647;
			files = (
			);
			runOnlyForDeploymentPostprocessing = 0;
		};
		060BB51320A761400083E173 /* Frameworks */ = {
			isa = PBXFrameworksBuildPhase;
			buildActionMask = 2147483647;
			files = (
			);
			runOnlyForDeploymentPostprocessing = 0;
		};
/* End PBXFrameworksBuildPhase section */

/* Begin PBXGroup section */
		060BB4EE20A7613E0083E173 = {
			isa = PBXGroup;
			children = (
				060BB4F920A7613E0083E173 /* enRoute */,
				060BB51920A761400083E173 /* enRouteUITests */,
				060BB4F820A7613E0083E173 /* Products */,
				95579EADED8B62EF49C48C8C /* Pods */,
				C5D5B14FFE4A80D3D588D5A3 /* Frameworks */,
			);
			sourceTree = "<group>";
		};
		060BB4F820A7613E0083E173 /* Products */ = {
			isa = PBXGroup;
			children = (
				060BB4F720A7613E0083E173 /* enRoute.app */,
				060BB50B20A761400083E173 /* enRouteTests.xctest */,
				060BB51620A761400083E173 /* enRouteUITests.xctest */,
			);
			name = Products;
			sourceTree = "<group>";
		};
		060BB4F920A7613E0083E173 /* enRoute */ = {
			isa = PBXGroup;
			children = (
				060BB4FA20A7613E0083E173 /* AppDelegate.swift */,
				060BB4FC20A7613E0083E173 /* MapViewController.swift */,
				060BB4FE20A7613E0083E173 /* Main.storyboard */,
				060BB50320A761400083E173 /* LaunchScreen.storyboard */,
				060BB50620A761400083E173 /* Info.plist */,
				060BB52E20A799200083E173 /* Images.xcassets */,
				060BB53020A7C06C0083E173 /* MapRouteTasks.swift */,
				060BB50E20A761400083E173 /* enRouteTests */,
			);
			path = enRoute;
			sourceTree = "<group>";
		};
		060BB50E20A761400083E173 /* enRouteTests */ = {
			isa = PBXGroup;
			children = (
				060BB50F20A761400083E173 /* enRouteTests.swift */,
				060BB51120A761400083E173 /* Info.plist */,
			);
			path = enRouteTests;
			sourceTree = "<group>";
		};
		060BB51920A761400083E173 /* enRouteUITests */ = {
			isa = PBXGroup;
			children = (
				060BB51A20A761400083E173 /* enRouteUITests.swift */,
				060BB51C20A761400083E173 /* Info.plist */,
			);
			path = enRouteUITests;
			sourceTree = "<group>";
		};
		95579EADED8B62EF49C48C8C /* Pods */ = {
			isa = PBXGroup;
			children = (
				CB72DDB242716DE670E5C43D /* Pods-enRoute.debug.xcconfig */,
				93E03D0680B21F8EC8F7CF85 /* Pods-enRoute.release.xcconfig */,
				56D13E8DF6326B22A0B9C0B8 /* Pods-enRouteTests.debug.xcconfig */,
				02B1F0CCC4FA23EAB2DB7E97 /* Pods-enRouteTests.release.xcconfig */,
				4BDAA0B4161AB45D3247734A /* Pods-enRouteUITests.debug.xcconfig */,
				7F4B654A69FBA06C4D99FBBB /* Pods-enRouteUITests.release.xcconfig */,
			);
			name = Pods;
			sourceTree = "<group>";
		};
		C5D5B14FFE4A80D3D588D5A3 /* Frameworks */ = {
			isa = PBXGroup;
			children = (
			);
			name = Frameworks;
			sourceTree = "<group>";
		};
/* End PBXGroup section */

/* Begin PBXNativeTarget section */
		060BB4F620A7613E0083E173 /* enRoute */ = {
			isa = PBXNativeTarget;
			buildConfigurationList = 060BB51F20A761400083E173 /* Build configuration list for PBXNativeTarget "enRoute" */;
			buildPhases = (
				DEFA9B68A25DE70A460C01AB /* [CP] Check Pods Manifest.lock */,
				060BB4F320A7613E0083E173 /* Sources */,
				060BB4F420A7613E0083E173 /* Frameworks */,
				060BB4F520A7613E0083E173 /* Resources */,
				47E0435AC8204CFDCC191F89 /* [CP] Copy Pods Resources */,
			);
			buildRules = (
			);
			dependencies = (
			);
			name = enRoute;
			productName = enRoute;
			productReference = 060BB4F720A7613E0083E173 /* enRoute.app */;
			productType = "com.apple.product-type.application";
		};
		060BB50A20A761400083E173 /* enRouteTests */ = {
			isa = PBXNativeTarget;
			buildConfigurationList = 060BB52220A761400083E173 /* Build configuration list for PBXNativeTarget "enRouteTests" */;
			buildPhases = (
				68C0447C48A09975560E7E4B /* [CP] Check Pods Manifest.lock */,
				060BB50720A761400083E173 /* Sources */,
				060BB50820A761400083E173 /* Frameworks */,
				060BB50920A761400083E173 /* Resources */,
			);
			buildRules = (
			);
			dependencies = (
				060BB50D20A761400083E173 /* PBXTargetDependency */,
			);
			name = enRouteTests;
			productName = enRouteTests;
			productReference = 060BB50B20A761400083E173 /* enRouteTests.xctest */;
			productType = "com.apple.product-type.bundle.unit-test";
		};
		060BB51520A761400083E173 /* enRouteUITests */ = {
			isa = PBXNativeTarget;
			buildConfigurationList = 060BB52520A761400083E173 /* Build configuration list for PBXNativeTarget "enRouteUITests" */;
			buildPhases = (
				88564B20AC49DE09D1CDFF74 /* [CP] Check Pods Manifest.lock */,
				060BB51220A761400083E173 /* Sources */,
				060BB51320A761400083E173 /* Frameworks */,
				060BB51420A761400083E173 /* Resources */,
			);
			buildRules = (
			);
			dependencies = (
				060BB51820A761400083E173 /* PBXTargetDependency */,
			);
			name = enRouteUITests;
			productName = enRouteUITests;
			productReference = 060BB51620A761400083E173 /* enRouteUITests.xctest */;
			productType = "com.apple.product-type.bundle.ui-testing";
		};
/* End PBXNativeTarget section */

/* Begin PBXProject section */
		060BB4EF20A7613E0083E173 /* Project object */ = {
			isa = PBXProject;
			attributes = {
				LastSwiftUpdateCheck = 0930;
				LastUpgradeCheck = 0930;
				ORGANIZATIONNAME = "Apurva Kumari";
				TargetAttributes = {
					060BB4F620A7613E0083E173 = {
						CreatedOnToolsVersion = 9.3;
					};
					060BB50A20A761400083E173 = {
						CreatedOnToolsVersion = 9.3;
						TestTargetID = 060BB4F620A7613E0083E173;
					};
					060BB51520A761400083E173 = {
						CreatedOnToolsVersion = 9.3;
						TestTargetID = 060BB4F620A7613E0083E173;
					};
				};
			};
			buildConfigurationList = 060BB4F220A7613E0083E173 /* Build configuration list for PBXProject "enRoute" */;
			compatibilityVersion = "Xcode 9.3";
			developmentRegion = en;
			hasScannedForEncodings = 0;
			knownRegions = (
				en,
				Base,
			);
			mainGroup = 060BB4EE20A7613E0083E173;
			productRefGroup = 060BB4F820A7613E0083E173 /* Products */;
			projectDirPath = "";
			projectRoot = "";
			targets = (
				060BB4F620A7613E0083E173 /* enRoute */,
				060BB50A20A761400083E173 /* enRouteTests */,
				060BB51520A761400083E173 /* enRouteUITests */,
			);
		};
/* End PBXProject section */

/* Begin PBXResourcesBuildPhase section */
		060BB4F520A7613E0083E173 /* Resources */ = {
			isa = PBXResourcesBuildPhase;
			buildActionMask = 2147483647;
			files = (
				060BB52F20A799200083E173 /* Images.xcassets in Resources */,
				060BB50520A761400083E173 /* LaunchScreen.storyboard in Resources */,
				060BB50020A7613E0083E173 /* Main.storyboard in Resources */,
			);
			runOnlyForDeploymentPostprocessing = 0;
		};
		060BB50920A761400083E173 /* Resources */ = {
			isa = PBXResourcesBuildPhase;
			buildActionMask = 2147483647;
			files = (
			);
			runOnlyForDeploymentPostprocessing = 0;
		};
		060BB51420A761400083E173 /* Resources */ = {
			isa = PBXResourcesBuildPhase;
			buildActionMask = 2147483647;
			files = (
			);
			runOnlyForDeploymentPostprocessing = 0;
		};
/* End PBXResourcesBuildPhase section */

/* Begin PBXShellScriptBuildPhase section */
		47E0435AC8204CFDCC191F89 /* [CP] Copy Pods Resources */ = {
			isa = PBXShellScriptBuildPhase;
			buildActionMask = 2147483647;
			files = (
			);
			inputPaths = (
				"${SRCROOT}/Pods/Target Support Files/Pods-enRoute/Pods-enRoute-resources.sh",
				"${PODS_ROOT}/GoogleMaps/Maps/Frameworks/GoogleMaps.framework/Resources/GoogleMaps.bundle",
			);
			name = "[CP] Copy Pods Resources";
			outputPaths = (
				"${TARGET_BUILD_DIR}/${UNLOCALIZED_RESOURCES_FOLDER_PATH}/GoogleMaps.bundle",
			);
			runOnlyForDeploymentPostprocessing = 0;
			shellPath = /bin/sh;
			shellScript = "\"${SRCROOT}/Pods/Target Support Files/Pods-enRoute/Pods-enRoute-resources.sh\"\n";
			showEnvVarsInLog = 0;
		};
		68C0447C48A09975560E7E4B /* [CP] Check Pods Manifest.lock */ = {
			isa = PBXShellScriptBuildPhase;
			buildActionMask = 2147483647;
			files = (
			);
			inputPaths = (
				"${PODS_PODFILE_DIR_PATH}/Podfile.lock",
				"${PODS_ROOT}/Manifest.lock",
			);
			name = "[CP] Check Pods Manifest.lock";
			outputPaths = (
				"$(DERIVED_FILE_DIR)/Pods-enRouteTests-checkManifestLockResult.txt",
			);
			runOnlyForDeploymentPostprocessing = 0;
			shellPath = /bin/sh;
			shellScript = "diff \"${PODS_PODFILE_DIR_PATH}/Podfile.lock\" \"${PODS_ROOT}/Manifest.lock\" > /dev/null\nif [ $? != 0 ] ; then\n    # print error to STDERR\n    echo \"error: The sandbox is not in sync with the Podfile.lock. Run 'pod install' or update your CocoaPods installation.\" >&2\n    exit 1\nfi\n# This output is used by Xcode 'outputs' to avoid re-running this script phase.\necho \"SUCCESS\" > \"${SCRIPT_OUTPUT_FILE_0}\"\n";
			showEnvVarsInLog = 0;
		};
		88564B20AC49DE09D1CDFF74 /* [CP] Check Pods Manifest.lock */ = {
			isa = PBXShellScriptBuildPhase;
			buildActionMask = 2147483647;
			files = (
			);
			inputPaths = (
				"${PODS_PODFILE_DIR_PATH}/Podfile.lock",
				"${PODS_ROOT}/Manifest.lock",
			);
			name = "[CP] Check Pods Manifest.lock";
			outputPaths = (
				"$(DERIVED_FILE_DIR)/Pods-enRouteUITests-checkManifestLockResult.txt",
			);
			runOnlyForDeploymentPostprocessing = 0;
			shellPath = /bin/sh;
			shellScript = "diff \"${PODS_PODFILE_DIR_PATH}/Podfile.lock\" \"${PODS_ROOT}/Manifest.lock\" > /dev/null\nif [ $? != 0 ] ; then\n    # print error to STDERR\n    echo \"error: The sandbox is not in sync with the Podfile.lock. Run 'pod install' or update your CocoaPods installation.\" >&2\n    exit 1\nfi\n# This output is used by Xcode 'outputs' to avoid re-running this script phase.\necho \"SUCCESS\" > \"${SCRIPT_OUTPUT_FILE_0}\"\n";
			showEnvVarsInLog = 0;
		};
		DEFA9B68A25DE70A460C01AB /* [CP] Check Pods Manifest.lock */ = {
			isa = PBXShellScriptBuildPhase;
			buildActionMask = 2147483647;
			files = (
			);
			inputPaths = (
				"${PODS_PODFILE_DIR_PATH}/Podfile.lock",
				"${PODS_ROOT}/Manifest.lock",
			);
			name = "[CP] Check Pods Manifest.lock";
			outputPaths = (
				"$(DERIVED_FILE_DIR)/Pods-enRoute-checkManifestLockResult.txt",
			);
			runOnlyForDeploymentPostprocessing = 0;
			shellPath = /bin/sh;
			shellScript = "diff \"${PODS_PODFILE_DIR_PATH}/Podfile.lock\" \"${PODS_ROOT}/Manifest.lock\" > /dev/null\nif [ $? != 0 ] ; then\n    # print error to STDERR\n    echo \"error: The sandbox is not in sync with the Podfile.lock. Run 'pod install' or update your CocoaPods installation.\" >&2\n    exit 1\nfi\n# This output is used by Xcode 'outputs' to avoid re-running this script phase.\necho \"SUCCESS\" > \"${SCRIPT_OUTPUT_FILE_0}\"\n";
			showEnvVarsInLog = 0;
		};
/* End PBXShellScriptBuildPhase section */

/* Begin PBXSourcesBuildPhase section */
		060BB4F320A7613E0083E173 /* Sources */ = {
			isa = PBXSourcesBuildPhase;
			buildActionMask = 2147483647;
			files = (
				060BB4FD20A7613E0083E173 /* MapViewController.swift in Sources */,
				060BB53120A7C06C0083E173 /* MapRouteTasks.swift in Sources */,
				060BB4FB20A7613E0083E173 /* AppDelegate.swift in Sources */,
			);
			runOnlyForDeploymentPostprocessing = 0;
		};
		060BB50720A761400083E173 /* Sources */ = {
			isa = PBXSourcesBuildPhase;
			buildActionMask = 2147483647;
			files = (
				060BB51020A761400083E173 /* enRouteTests.swift in Sources */,
			);
			runOnlyForDeploymentPostprocessing = 0;
		};
		060BB51220A761400083E173 /* Sources */ = {
			isa = PBXSourcesBuildPhase;
			buildActionMask = 2147483647;
			files = (
				060BB51B20A761400083E173 /* enRouteUITests.swift in Sources */,
			);
			runOnlyForDeploymentPostprocessing = 0;
		};
/* End PBXSourcesBuildPhase section */

/* Begin PBXTargetDependency section */
		060BB50D20A761400083E173 /* PBXTargetDependency */ = {
			isa = PBXTargetDependency;
			target = 060BB4F620A7613E0083E173 /* enRoute */;
			targetProxy = 060BB50C20A761400083E173 /* PBXContainerItemProxy */;
		};
		060BB51820A761400083E173 /* PBXTargetDependency */ = {
			isa = PBXTargetDependency;
			target = 060BB4F620A7613E0083E173 /* enRoute */;
			targetProxy = 060BB51720A761400083E173 /* PBXContainerItemProxy */;
		};
/* End PBXTargetDependency section */

/* Begin PBXVariantGroup section */
		060BB4FE20A7613E0083E173 /* Main.storyboard */ = {
			isa = PBXVariantGroup;
			children = (
				060BB4FF20A7613E0083E173 /* Base */,
			);
			name = Main.storyboard;
			sourceTree = "<group>";
		};
		060BB50320A761400083E173 /* LaunchScreen.storyboard */ = {
			isa = PBXVariantGroup;
			children = (
				060BB50420A761400083E173 /* Base */,
			);
			name = LaunchScreen.storyboard;
			sourceTree = "<group>";
		};
/* End PBXVariantGroup section */

/* Begin XCBuildConfiguration section */
		060BB51D20A761400083E173 /* Debug */ = {
			isa = XCBuildConfiguration;
			buildSettings = {
				ALWAYS_SEARCH_USER_PATHS = NO;
				CLANG_ANALYZER_NONNULL = YES;
				CLANG_ANALYZER_NUMBER_OBJECT_CONVERSION = YES_AGGRESSIVE;
				CLANG_CXX_LANGUAGE_STANDARD = "gnu++14";
				CLANG_CXX_LIBRARY = "libc++";
				CLANG_ENABLE_MODULES = YES;
				CLANG_ENABLE_OBJC_ARC = YES;
				CLANG_ENABLE_OBJC_WEAK = YES;
				CLANG_WARN_BLOCK_CAPTURE_AUTORELEASING = YES;
				CLANG_WARN_BOOL_CONVERSION = YES;
				CLANG_WARN_COMMA = YES;
				CLANG_WARN_CONSTANT_CONVERSION = YES;
				CLANG_WARN_DEPRECATED_OBJC_IMPLEMENTATIONS = YES;
				CLANG_WARN_DIRECT_OBJC_ISA_USAGE = YES_ERROR;
				CLANG_WARN_DOCUMENTATION_COMMENTS = YES;
				CLANG_WARN_EMPTY_BODY = YES;
				CLANG_WARN_ENUM_CONVERSION = YES;
				CLANG_WARN_INFINITE_RECURSION = YES;
				CLANG_WARN_INT_CONVERSION = YES;
				CLANG_WARN_NON_LITERAL_NULL_CONVERSION = YES;
				CLANG_WARN_OBJC_IMPLICIT_RETAIN_SELF = YES;
				CLANG_WARN_OBJC_LITERAL_CONVERSION = YES;
				CLANG_WARN_OBJC_ROOT_CLASS = YES_ERROR;
				CLANG_WARN_RANGE_LOOP_ANALYSIS = YES;
				CLANG_WARN_STRICT_PROTOTYPES = YES;
				CLANG_WARN_SUSPICIOUS_MOVE = YES;
				CLANG_WARN_UNGUARDED_AVAILABILITY = YES_AGGRESSIVE;
				CLANG_WARN_UNREACHABLE_CODE = YES;
				CLANG_WARN__DUPLICATE_METHOD_MATCH = YES;
				CODE_SIGN_IDENTITY = "iPhone Developer";
				COPY_PHASE_STRIP = NO;
				DEBUG_INFORMATION_FORMAT = dwarf;
				ENABLE_STRICT_OBJC_MSGSEND = YES;
				ENABLE_TESTABILITY = YES;
				GCC_C_LANGUAGE_STANDARD = gnu11;
				GCC_DYNAMIC_NO_PIC = NO;
				GCC_NO_COMMON_BLOCKS = YES;
				GCC_OPTIMIZATION_LEVEL = 0;
				GCC_PREPROCESSOR_DEFINITIONS = (
					"DEBUG=1",
					"$(inherited)",
				);
				GCC_WARN_64_TO_32_BIT_CONVERSION = YES;
				GCC_WARN_ABOUT_RETURN_TYPE = YES_ERROR;
				GCC_WARN_UNDECLARED_SELECTOR = YES;
				GCC_WARN_UNINITIALIZED_AUTOS = YES_AGGRESSIVE;
				GCC_WARN_UNUSED_FUNCTION = YES;
				GCC_WARN_UNUSED_VARIABLE = YES;
				IPHONEOS_DEPLOYMENT_TARGET = 11.3;
				MTL_ENABLE_DEBUG_INFO = YES;
				ONLY_ACTIVE_ARCH = YES;
				SDKROOT = iphoneos;
				SWIFT_ACTIVE_COMPILATION_CONDITIONS = DEBUG;
				SWIFT_OPTIMIZATION_LEVEL = "-Onone";
			};
			name = Debug;
		};
		060BB51E20A761400083E173 /* Release */ = {
			isa = XCBuildConfiguration;
			buildSettings = {
				ALWAYS_SEARCH_USER_PATHS = NO;
				CLANG_ANALYZER_NONNULL = YES;
				CLANG_ANALYZER_NUMBER_OBJECT_CONVERSION = YES_AGGRESSIVE;
				CLANG_CXX_LANGUAGE_STANDARD = "gnu++14";
				CLANG_CXX_LIBRARY = "libc++";
				CLANG_ENABLE_MODULES = YES;
				CLANG_ENABLE_OBJC_ARC = YES;
				CLANG_ENABLE_OBJC_WEAK = YES;
				CLANG_WARN_BLOCK_CAPTURE_AUTORELEASING = YES;
				CLANG_WARN_BOOL_CONVERSION = YES;
				CLANG_WARN_COMMA = YES;
				CLANG_WARN_CONSTANT_CONVERSION = YES;
				CLANG_WARN_DEPRECATED_OBJC_IMPLEMENTATIONS = YES;
				CLANG_WARN_DIRECT_OBJC_ISA_USAGE = YES_ERROR;
				CLANG_WARN_DOCUMENTATION_COMMENTS = YES;
				CLANG_WARN_EMPTY_BODY = YES;
				CLANG_WARN_ENUM_CONVERSION = YES;
				CLANG_WARN_INFINITE_RECURSION = YES;
				CLANG_WARN_INT_CONVERSION = YES;
				CLANG_WARN_NON_LITERAL_NULL_CONVERSION = YES;
				CLANG_WARN_OBJC_IMPLICIT_RETAIN_SELF = YES;
				CLANG_WARN_OBJC_LITERAL_CONVERSION = YES;
				CLANG_WARN_OBJC_ROOT_CLASS = YES_ERROR;
				CLANG_WARN_RANGE_LOOP_ANALYSIS = YES;
				CLANG_WARN_STRICT_PROTOTYPES = YES;
				CLANG_WARN_SUSPICIOUS_MOVE = YES;
				CLANG_WARN_UNGUARDED_AVAILABILITY = YES_AGGRESSIVE;
				CLANG_WARN_UNREACHABLE_CODE = YES;
				CLANG_WARN__DUPLICATE_METHOD_MATCH = YES;
				CODE_SIGN_IDENTITY = "iPhone Developer";
				COPY_PHASE_STRIP = NO;
				DEBUG_INFORMATION_FORMAT = "dwarf-with-dsym";
				ENABLE_NS_ASSERTIONS = NO;
				ENABLE_STRICT_OBJC_MSGSEND = YES;
				GCC_C_LANGUAGE_STANDARD = gnu11;
				GCC_NO_COMMON_BLOCKS = YES;
				GCC_WARN_64_TO_32_BIT_CONVERSION = YES;
				GCC_WARN_ABOUT_RETURN_TYPE = YES_ERROR;
				GCC_WARN_UNDECLARED_SELECTOR = YES;
				GCC_WARN_UNINITIALIZED_AUTOS = YES_AGGRESSIVE;
				GCC_WARN_UNUSED_FUNCTION = YES;
				GCC_WARN_UNUSED_VARIABLE = YES;
				IPHONEOS_DEPLOYMENT_TARGET = 11.3;
				MTL_ENABLE_DEBUG_INFO = NO;
				SDKROOT = iphoneos;
				SWIFT_COMPILATION_MODE = wholemodule;
				SWIFT_OPTIMIZATION_LEVEL = "-O";
				VALIDATE_PRODUCT = YES;
			};
			name = Release;
		};
		060BB52020A761400083E173 /* Debug */ = {
			isa = XCBuildConfiguration;
			baseConfigurationReference = CB72DDB242716DE670E5C43D /* Pods-enRoute.debug.xcconfig */;
			buildSettings = {
				ASSETCATALOG_COMPILER_APPICON_NAME = AppIcon;
				CODE_SIGN_IDENTITY = "iPhone Developer";
				CODE_SIGN_STYLE = Automatic;
				DEFINES_MODULE = YES;
				DEVELOPMENT_TEAM = 5ZS93TK53J;
				INFOPLIST_FILE = enRoute/Info.plist;
				LD_RUNPATH_SEARCH_PATHS = (
					"$(inherited)",
					"@executable_path/Frameworks",
				);
				ONLY_ACTIVE_ARCH = NO;
				PRODUCT_BUNDLE_IDENTIFIER = Apurva.enRoute;
				PRODUCT_NAME = "$(TARGET_NAME)";
				PROVISIONING_PROFILE_SPECIFIER = "";
				SWIFT_VERSION = 4.0;
				TARGETED_DEVICE_FAMILY = "1,2";
			};
			name = Debug;
		};
		060BB52120A761400083E173 /* Release */ = {
			isa = XCBuildConfiguration;
			baseConfigurationReference = 93E03D0680B21F8EC8F7CF85 /* Pods-enRoute.release.xcconfig */;
			buildSettings = {
				ASSETCATALOG_COMPILER_APPICON_NAME = AppIcon;
				CODE_SIGN_IDENTITY = "iPhone Developer";
				CODE_SIGN_STYLE = Automatic;
				DEFINES_MODULE = YES;
				DEVELOPMENT_TEAM = 5ZS93TK53J;
				INFOPLIST_FILE = enRoute/Info.plist;
				LD_RUNPATH_SEARCH_PATHS = (
					"$(inherited)",
					"@executable_path/Frameworks",
				);
				PRODUCT_BUNDLE_IDENTIFIER = Apurva.enRoute;
				PRODUCT_NAME = "$(TARGET_NAME)";
				PROVISIONING_PROFILE = "";
				PROVISIONING_PROFILE_SPECIFIER = "";
				SWIFT_VERSION = 4.0;
				TARGETED_DEVICE_FAMILY = "1,2";
			};
			name = Release;
		};
		060BB52320A761400083E173 /* Debug */ = {
			isa = XCBuildConfiguration;
			baseConfigurationReference = 56D13E8DF6326B22A0B9C0B8 /* Pods-enRouteTests.debug.xcconfig */;
			buildSettings = {
				ALWAYS_EMBED_SWIFT_STANDARD_LIBRARIES = YES;
				BUNDLE_LOADER = "$(TEST_HOST)";
				CODE_SIGN_STYLE = Automatic;
				INFOPLIST_FILE = enRouteTests/Info.plist;
				LD_RUNPATH_SEARCH_PATHS = (
					"$(inherited)",
					"@executable_path/Frameworks",
					"@loader_path/Frameworks",
				);
				PRODUCT_BUNDLE_IDENTIFIER = Apurva.enRouteTests;
				PRODUCT_NAME = "$(TARGET_NAME)";
				SWIFT_VERSION = 4.0;
				TARGETED_DEVICE_FAMILY = "1,2";
				TEST_HOST = "$(BUILT_PRODUCTS_DIR)/enRoute.app/enRoute";
			};
			name = Debug;
		};
		060BB52420A761400083E173 /* Release */ = {
			isa = XCBuildConfiguration;
			baseConfigurationReference = 02B1F0CCC4FA23EAB2DB7E97 /* Pods-enRouteTests.release.xcconfig */;
			buildSettings = {
				ALWAYS_EMBED_SWIFT_STANDARD_LIBRARIES = YES;
				BUNDLE_LOADER = "$(TEST_HOST)";
				CODE_SIGN_STYLE = Automatic;
				INFOPLIST_FILE = enRouteTests/Info.plist;
				LD_RUNPATH_SEARCH_PATHS = (
					"$(inherited)",
					"@executable_path/Frameworks",
					"@loader_path/Frameworks",
				);
				PRODUCT_BUNDLE_IDENTIFIER = Apurva.enRouteTests;
				PRODUCT_NAME = "$(TARGET_NAME)";
				SWIFT_VERSION = 4.0;
				TARGETED_DEVICE_FAMILY = "1,2";
				TEST_HOST = "$(BUILT_PRODUCTS_DIR)/enRoute.app/enRoute";
			};
			name = Release;
		};
		060BB52620A761400083E173 /* Debug */ = {
			isa = XCBuildConfiguration;
			baseConfigurationReference = 4BDAA0B4161AB45D3247734A /* Pods-enRouteUITests.debug.xcconfig */;
			buildSettings = {
				ALWAYS_EMBED_SWIFT_STANDARD_LIBRARIES = YES;
				CODE_SIGN_STYLE = Automatic;
				INFOPLIST_FILE = enRouteUITests/Info.plist;
				LD_RUNPATH_SEARCH_PATHS = (
					"$(inherited)",
					"@executable_path/Frameworks",
					"@loader_path/Frameworks",
				);
				PRODUCT_BUNDLE_IDENTIFIER = Apurva.enRouteUITests;
				PRODUCT_NAME = "$(TARGET_NAME)";
				SWIFT_VERSION = 4.0;
				TARGETED_DEVICE_FAMILY = "1,2";
				TEST_TARGET_NAME = enRoute;
			};
			name = Debug;
		};
		060BB52720A761400083E173 /* Release */ = {
			isa = XCBuildConfiguration;
			baseConfigurationReference = 7F4B654A69FBA06C4D99FBBB /* Pods-enRouteUITests.release.xcconfig */;
			buildSettings = {
				ALWAYS_EMBED_SWIFT_STANDARD_LIBRARIES = YES;
				CODE_SIGN_STYLE = Automatic;
				INFOPLIST_FILE = enRouteUITests/Info.plist;
				LD_RUNPATH_SEARCH_PATHS = (
					"$(inherited)",
					"@executable_path/Frameworks",
					"@loader_path/Frameworks",
				);
				PRODUCT_BUNDLE_IDENTIFIER = Apurva.enRouteUITests;
				PRODUCT_NAME = "$(TARGET_NAME)";
				SWIFT_VERSION = 4.0;
				TARGETED_DEVICE_FAMILY = "1,2";
				TEST_TARGET_NAME = enRoute;
			};
			name = Release;
		};
/* End XCBuildConfiguration section */

/* Begin XCConfigurationList section */
		060BB4F220A7613E0083E173 /* Build configuration list for PBXProject "enRoute" */ = {
			isa = XCConfigurationList;
			buildConfigurations = (
				060BB51D20A761400083E173 /* Debug */,
				060BB51E20A761400083E173 /* Release */,
			);
			defaultConfigurationIsVisible = 0;
			defaultConfigurationName = Release;
		};
		060BB51F20A761400083E173 /* Build configuration list for PBXNativeTarget "enRoute" */ = {
			isa = XCConfigurationList;
			buildConfigurations = (
				060BB52020A761400083E173 /* Debug */,
				060BB52120A761400083E173 /* Release */,
			);
			defaultConfigurationIsVisible = 0;
			defaultConfigurationName = Release;
		};
		060BB52220A761400083E173 /* Build configuration list for PBXNativeTarget "enRouteTests" */ = {
			isa = XCConfigurationList;
			buildConfigurations = (
				060BB52320A761400083E173 /* Debug */,
				060BB52420A761400083E173 /* Release */,
			);
			defaultConfigurationIsVisible = 0;
			defaultConfigurationName = Release;
		};
		060BB52520A761400083E173 /* Build configuration list for PBXNativeTarget "enRouteUITests" */ = {
			isa = XCConfigurationList;
			buildConfigurations = (
				060BB52620A761400083E173 /* Debug */,
				060BB52720A761400083E173 /* Release */,
			);
			defaultConfigurationIsVisible = 0;
			defaultConfigurationName = Release;
		};
/* End XCConfigurationList section */
	};
	rootObject = 060BB4EF20A7613E0083E173 /* Project object */;
}
